// !$*UTF8*$!
{
	archiveVersion = 1;
	classes = {
	};
	objectVersion = 46;
	objects = {

/* Begin PBXBuildFile section */
		4C0AF9A51AB349B600BBB61F /* main.m in Sources */ = {isa = PBXBuildFile; fileRef = 4C0AF9A41AB349B600BBB61F /* main.m */; };
		4C0AF9A81AB349B600BBB61F /* AppDelegate.m in Sources */ = {isa = PBXBuildFile; fileRef = 4C0AF9A71AB349B600BBB61F /* AppDelegate.m */; };
		4C0AF9AB1AB349B600BBB61F /* ViewController.m in Sources */ = {isa = PBXBuildFile; fileRef = 4C0AF9AA1AB349B600BBB61F /* ViewController.m */; };
		4C0AF9AE1AB349B600BBB61F /* Main.storyboard in Resources */ = {isa = PBXBuildFile; fileRef = 4C0AF9AC1AB349B600BBB61F /* Main.storyboard */; };
		4C0AF9B01AB349B600BBB61F /* Images.xcassets in Resources */ = {isa = PBXBuildFile; fileRef = 4C0AF9AF1AB349B600BBB61F /* Images.xcassets */; };
		4C0AF9B31AB349B600BBB61F /* LaunchScreen.xib in Resources */ = {isa = PBXBuildFile; fileRef = 4C0AF9B11AB349B600BBB61F /* LaunchScreen.xib */; };
		4C0AF9BF1AB349B600BBB61F /* Converter_ApplicationTests.m in Sources */ = {isa = PBXBuildFile; fileRef = 4C0AF9BE1AB349B600BBB61F /* Converter_ApplicationTests.m */; };
		4C0AF9CB1AB34A2C00BBB61F /* AudioToolbox.framework in Frameworks */ = {isa = PBXBuildFile; fileRef = 4C0AF9CA1AB34A2C00BBB61F /* AudioToolbox.framework */; };
		4C0AF9CD1AB34A3300BBB61F /* CFNetwork.framework in Frameworks */ = {isa = PBXBuildFile; fileRef = 4C0AF9CC1AB34A3300BBB61F /* CFNetwork.framework */; };
		4C0AF9CF1AB34A3900BBB61F /* CoreGraphics.framework in Frameworks */ = {isa = PBXBuildFile; fileRef = 4C0AF9CE1AB34A3900BBB61F /* CoreGraphics.framework */; };
		4C0AF9D11AB34A4000BBB61F /* CoreLocation.framework in Frameworks */ = {isa = PBXBuildFile; fileRef = 4C0AF9D01AB34A4000BBB61F /* CoreLocation.framework */; };
		4C0AF9D31AB34A4700BBB61F /* MobileCoreServices.framework in Frameworks */ = {isa = PBXBuildFile; fileRef = 4C0AF9D21AB34A4700BBB61F /* MobileCoreServices.framework */; };
		4C0AF9D51AB34A4F00BBB61F /* QuartzCore.framework in Frameworks */ = {isa = PBXBuildFile; fileRef = 4C0AF9D41AB34A4F00BBB61F /* QuartzCore.framework */; };
		4C0AF9D71AB34A5600BBB61F /* Security.framework in Frameworks */ = {isa = PBXBuildFile; fileRef = 4C0AF9D61AB34A5600BBB61F /* Security.framework */; };
		4C0AF9D91AB34A6300BBB61F /* StoreKit.framework in Frameworks */ = {isa = PBXBuildFile; fileRef = 4C0AF9D81AB34A6300BBB61F /* StoreKit.framework */; };
		4C0AF9DB1AB34A6900BBB61F /* SystemConfiguration.framework in Frameworks */ = {isa = PBXBuildFile; fileRef = 4C0AF9DA1AB34A6900BBB61F /* SystemConfiguration.framework */; };
		4C0AF9DD1AB34A7600BBB61F /* libz.dylib in Frameworks */ = {isa = PBXBuildFile; fileRef = 4C0AF9DC1AB34A7600BBB61F /* libz.dylib */; };
		4C0AF9DF1AB34A8000BBB61F /* libsqlite3.dylib in Frameworks */ = {isa = PBXBuildFile; fileRef = 4C0AF9DE1AB34A8000BBB61F /* libsqlite3.dylib */; };
		4C0AF9F41AB34D6100BBB61F /* ExchangeManager.m in Sources */ = {isa = PBXBuildFile; fileRef = 4C0AF9ED1AB34D6100BBB61F /* ExchangeManager.m */; };
		4C0AF9F51AB34D6100BBB61F /* ExchangeCategory.m in Sources */ = {isa = PBXBuildFile; fileRef = 4C0AF9EF1AB34D6100BBB61F /* ExchangeCategory.m */; };
		4C0AF9F61AB34D6100BBB61F /* CurrencyCollection.m in Sources */ = {isa = PBXBuildFile; fileRef = 4C0AF9F11AB34D6100BBB61F /* CurrencyCollection.m */; };
		4C0AF9F71AB34D6100BBB61F /* Item.m in Sources */ = {isa = PBXBuildFile; fileRef = 4C0AF9F31AB34D6100BBB61F /* Item.m */; };
		4C0AF9FF1AB34DDC00BBB61F /* StoreCoordinator.m in Sources */ = {isa = PBXBuildFile; fileRef = 4C0AF9FC1AB34DDC00BBB61F /* StoreCoordinator.m */; };
		4C0AFA001AB34DDC00BBB61F /* PListManager.m in Sources */ = {isa = PBXBuildFile; fileRef = 4C0AF9FE1AB34DDC00BBB61F /* PListManager.m */; };
		4C0AFA031AB34F9200BBB61F /* ParseBackEndManager.m in Sources */ = {isa = PBXBuildFile; fileRef = 4C0AFA021AB34F9200BBB61F /* ParseBackEndManager.m */; };
		4C63F8B41AB3DD30006DEFFF /* Bolts.framework in Frameworks */ = {isa = PBXBuildFile; fileRef = 4C63F8B21AB3DD30006DEFFF /* Bolts.framework */; };
		4C63F8B51AB3DD30006DEFFF /* Parse.framework in Frameworks */ = {isa = PBXBuildFile; fileRef = 4C63F8B31AB3DD30006DEFFF /* Parse.framework */; };
		4CC60B081AB9DE4100A5B346 /* Units.plist in Resources */ = {isa = PBXBuildFile; fileRef = 4CC60B071AB9DE4100A5B346 /* Units.plist */; };
		4CC60B0B1AB9E01900A5B346 /* ContentViewController.m in Sources */ = {isa = PBXBuildFile; fileRef = 4CC60B0A1AB9E01900A5B346 /* ContentViewController.m */; };
		4CC60B111AB9E09A00A5B346 /* CustomContentCell.m in Sources */ = {isa = PBXBuildFile; fileRef = 4CC60B101AB9E09A00A5B346 /* CustomContentCell.m */; };
		4CCFB50F1AC0821000E00310 /* CalculatorContainerViewController.m in Sources */ = {isa = PBXBuildFile; fileRef = 4CCFB50E1AC0821000E00310 /* CalculatorContainerViewController.m */; };
		4CCFB5121AC0828000E00310 /* ConverterViewController.m in Sources */ = {isa = PBXBuildFile; fileRef = 4CCFB5111AC0828000E00310 /* ConverterViewController.m */; };
/* End PBXBuildFile section */

/* Begin PBXContainerItemProxy section */
		4C0AF9B91AB349B600BBB61F /* PBXContainerItemProxy */ = {
			isa = PBXContainerItemProxy;
			containerPortal = 4C0AF9971AB349B600BBB61F /* Project object */;
			proxyType = 1;
			remoteGlobalIDString = 4C0AF99E1AB349B600BBB61F;
			remoteInfo = "Converter Application";
		};
/* End PBXContainerItemProxy section */

/* Begin PBXFileReference section */
		4C0AF99F1AB349B600BBB61F /* Converter Application.app */ = {isa = PBXFileReference; explicitFileType = wrapper.application; includeInIndex = 0; path = "Converter Application.app"; sourceTree = BUILT_PRODUCTS_DIR; };
		4C0AF9A31AB349B600BBB61F /* Info.plist */ = {isa = PBXFileReference; lastKnownFileType = text.plist.xml; path = Info.plist; sourceTree = "<group>"; };
		4C0AF9A41AB349B600BBB61F /* main.m */ = {isa = PBXFileReference; lastKnownFileType = sourcecode.c.objc; path = main.m; sourceTree = "<group>"; };
		4C0AF9A61AB349B600BBB61F /* AppDelegate.h */ = {isa = PBXFileReference; lastKnownFileType = sourcecode.c.h; path = AppDelegate.h; sourceTree = "<group>"; };
		4C0AF9A71AB349B600BBB61F /* AppDelegate.m */ = {isa = PBXFileReference; lastKnownFileType = sourcecode.c.objc; path = AppDelegate.m; sourceTree = "<group>"; };
		4C0AF9A91AB349B600BBB61F /* ViewController.h */ = {isa = PBXFileReference; lastKnownFileType = sourcecode.c.h; path = ViewController.h; sourceTree = "<group>"; };
		4C0AF9AA1AB349B600BBB61F /* ViewController.m */ = {isa = PBXFileReference; lastKnownFileType = sourcecode.c.objc; path = ViewController.m; sourceTree = "<group>"; };
		4C0AF9AD1AB349B600BBB61F /* Base */ = {isa = PBXFileReference; lastKnownFileType = file.storyboard; name = Base; path = Base.lproj/Main.storyboard; sourceTree = "<group>"; };
		4C0AF9AF1AB349B600BBB61F /* Images.xcassets */ = {isa = PBXFileReference; lastKnownFileType = folder.assetcatalog; path = Images.xcassets; sourceTree = "<group>"; };
		4C0AF9B21AB349B600BBB61F /* Base */ = {isa = PBXFileReference; lastKnownFileType = file.xib; name = Base; path = Base.lproj/LaunchScreen.xib; sourceTree = "<group>"; };
		4C0AF9B81AB349B600BBB61F /* Converter ApplicationTests.xctest */ = {isa = PBXFileReference; explicitFileType = wrapper.cfbundle; includeInIndex = 0; path = "Converter ApplicationTests.xctest"; sourceTree = BUILT_PRODUCTS_DIR; };
		4C0AF9BD1AB349B600BBB61F /* Info.plist */ = {isa = PBXFileReference; lastKnownFileType = text.plist.xml; path = Info.plist; sourceTree = "<group>"; };
		4C0AF9BE1AB349B600BBB61F /* Converter_ApplicationTests.m */ = {isa = PBXFileReference; lastKnownFileType = sourcecode.c.objc; path = Converter_ApplicationTests.m; sourceTree = "<group>"; };
		4C0AF9CA1AB34A2C00BBB61F /* AudioToolbox.framework */ = {isa = PBXFileReference; lastKnownFileType = wrapper.framework; name = AudioToolbox.framework; path = System/Library/Frameworks/AudioToolbox.framework; sourceTree = SDKROOT; };
		4C0AF9CC1AB34A3300BBB61F /* CFNetwork.framework */ = {isa = PBXFileReference; lastKnownFileType = wrapper.framework; name = CFNetwork.framework; path = System/Library/Frameworks/CFNetwork.framework; sourceTree = SDKROOT; };
		4C0AF9CE1AB34A3900BBB61F /* CoreGraphics.framework */ = {isa = PBXFileReference; lastKnownFileType = wrapper.framework; name = CoreGraphics.framework; path = System/Library/Frameworks/CoreGraphics.framework; sourceTree = SDKROOT; };
		4C0AF9D01AB34A4000BBB61F /* CoreLocation.framework */ = {isa = PBXFileReference; lastKnownFileType = wrapper.framework; name = CoreLocation.framework; path = System/Library/Frameworks/CoreLocation.framework; sourceTree = SDKROOT; };
		4C0AF9D21AB34A4700BBB61F /* MobileCoreServices.framework */ = {isa = PBXFileReference; lastKnownFileType = wrapper.framework; name = MobileCoreServices.framework; path = System/Library/Frameworks/MobileCoreServices.framework; sourceTree = SDKROOT; };
		4C0AF9D41AB34A4F00BBB61F /* QuartzCore.framework */ = {isa = PBXFileReference; lastKnownFileType = wrapper.framework; name = QuartzCore.framework; path = System/Library/Frameworks/QuartzCore.framework; sourceTree = SDKROOT; };
		4C0AF9D61AB34A5600BBB61F /* Security.framework */ = {isa = PBXFileReference; lastKnownFileType = wrapper.framework; name = Security.framework; path = System/Library/Frameworks/Security.framework; sourceTree = SDKROOT; };
		4C0AF9D81AB34A6300BBB61F /* StoreKit.framework */ = {isa = PBXFileReference; lastKnownFileType = wrapper.framework; name = StoreKit.framework; path = System/Library/Frameworks/StoreKit.framework; sourceTree = SDKROOT; };
		4C0AF9DA1AB34A6900BBB61F /* SystemConfiguration.framework */ = {isa = PBXFileReference; lastKnownFileType = wrapper.framework; name = SystemConfiguration.framework; path = System/Library/Frameworks/SystemConfiguration.framework; sourceTree = SDKROOT; };
		4C0AF9DC1AB34A7600BBB61F /* libz.dylib */ = {isa = PBXFileReference; lastKnownFileType = "compiled.mach-o.dylib"; name = libz.dylib; path = usr/lib/libz.dylib; sourceTree = SDKROOT; };
		4C0AF9DE1AB34A8000BBB61F /* libsqlite3.dylib */ = {isa = PBXFileReference; lastKnownFileType = "compiled.mach-o.dylib"; name = libsqlite3.dylib; path = usr/lib/libsqlite3.dylib; sourceTree = SDKROOT; };
		4C0AF9EC1AB34D6100BBB61F /* ExchangeManager.h */ = {isa = PBXFileReference; fileEncoding = 4; lastKnownFileType = sourcecode.c.h; path = ExchangeManager.h; sourceTree = "<group>"; };
		4C0AF9ED1AB34D6100BBB61F /* ExchangeManager.m */ = {isa = PBXFileReference; fileEncoding = 4; lastKnownFileType = sourcecode.c.objc; path = ExchangeManager.m; sourceTree = "<group>"; };
		4C0AF9EE1AB34D6100BBB61F /* ExchangeCategory.h */ = {isa = PBXFileReference; fileEncoding = 4; lastKnownFileType = sourcecode.c.h; path = ExchangeCategory.h; sourceTree = "<group>"; };
		4C0AF9EF1AB34D6100BBB61F /* ExchangeCategory.m */ = {isa = PBXFileReference; fileEncoding = 4; lastKnownFileType = sourcecode.c.objc; path = ExchangeCategory.m; sourceTree = "<group>"; };
		4C0AF9F01AB34D6100BBB61F /* CurrencyCollection.h */ = {isa = PBXFileReference; fileEncoding = 4; lastKnownFileType = sourcecode.c.h; path = CurrencyCollection.h; sourceTree = "<group>"; };
		4C0AF9F11AB34D6100BBB61F /* CurrencyCollection.m */ = {isa = PBXFileReference; fileEncoding = 4; lastKnownFileType = sourcecode.c.objc; path = CurrencyCollection.m; sourceTree = "<group>"; };
		4C0AF9F21AB34D6100BBB61F /* Item.h */ = {isa = PBXFileReference; fileEncoding = 4; lastKnownFileType = sourcecode.c.h; path = Item.h; sourceTree = "<group>"; };
		4C0AF9F31AB34D6100BBB61F /* Item.m */ = {isa = PBXFileReference; fileEncoding = 4; lastKnownFileType = sourcecode.c.objc; path = Item.m; sourceTree = "<group>"; };
		4C0AF9FB1AB34DDC00BBB61F /* StoreCoordinator.h */ = {isa = PBXFileReference; fileEncoding = 4; lastKnownFileType = sourcecode.c.h; path = StoreCoordinator.h; sourceTree = "<group>"; };
		4C0AF9FC1AB34DDC00BBB61F /* StoreCoordinator.m */ = {isa = PBXFileReference; fileEncoding = 4; lastKnownFileType = sourcecode.c.objc; path = StoreCoordinator.m; sourceTree = "<group>"; };
		4C0AF9FD1AB34DDC00BBB61F /* PListManager.h */ = {isa = PBXFileReference; fileEncoding = 4; lastKnownFileType = sourcecode.c.h; path = PListManager.h; sourceTree = "<group>"; };
		4C0AF9FE1AB34DDC00BBB61F /* PListManager.m */ = {isa = PBXFileReference; fileEncoding = 4; lastKnownFileType = sourcecode.c.objc; path = PListManager.m; sourceTree = "<group>"; };
		4C0AFA011AB34F9200BBB61F /* ParseBackEndManager.h */ = {isa = PBXFileReference; fileEncoding = 4; lastKnownFileType = sourcecode.c.h; path = ParseBackEndManager.h; sourceTree = "<group>"; };
		4C0AFA021AB34F9200BBB61F /* ParseBackEndManager.m */ = {isa = PBXFileReference; fileEncoding = 4; lastKnownFileType = sourcecode.c.objc; path = ParseBackEndManager.m; sourceTree = "<group>"; };
		4C63F8B21AB3DD30006DEFFF /* Bolts.framework */ = {isa = PBXFileReference; lastKnownFileType = wrapper.framework; path = Bolts.framework; sourceTree = "<group>"; };
		4C63F8B31AB3DD30006DEFFF /* Parse.framework */ = {isa = PBXFileReference; lastKnownFileType = wrapper.framework; path = Parse.framework; sourceTree = "<group>"; };
		4CC60B071AB9DE4100A5B346 /* Units.plist */ = {isa = PBXFileReference; fileEncoding = 4; lastKnownFileType = text.plist.xml; path = Units.plist; sourceTree = "<group>"; };
		4CC60B091AB9E01900A5B346 /* ContentViewController.h */ = {isa = PBXFileReference; fileEncoding = 4; lastKnownFileType = sourcecode.c.h; path = ContentViewController.h; sourceTree = "<group>"; };
		4CC60B0A1AB9E01900A5B346 /* ContentViewController.m */ = {isa = PBXFileReference; fileEncoding = 4; lastKnownFileType = sourcecode.c.objc; path = ContentViewController.m; sourceTree = "<group>"; };
		4CC60B0F1AB9E09A00A5B346 /* CustomContentCell.h */ = {isa = PBXFileReference; fileEncoding = 4; lastKnownFileType = sourcecode.c.h; path = CustomContentCell.h; sourceTree = "<group>"; };
		4CC60B101AB9E09A00A5B346 /* CustomContentCell.m */ = {isa = PBXFileReference; fileEncoding = 4; lastKnownFileType = sourcecode.c.objc; path = CustomContentCell.m; sourceTree = "<group>"; };
		4CCFB50D1AC0821000E00310 /* CalculatorContainerViewController.h */ = {isa = PBXFileReference; fileEncoding = 4; lastKnownFileType = sourcecode.c.h; path = CalculatorContainerViewController.h; sourceTree = "<group>"; };
		4CCFB50E1AC0821000E00310 /* CalculatorContainerViewController.m */ = {isa = PBXFileReference; fileEncoding = 4; lastKnownFileType = sourcecode.c.objc; path = CalculatorContainerViewController.m; sourceTree = "<group>"; };
		4CCFB5101AC0828000E00310 /* ConverterViewController.h */ = {isa = PBXFileReference; fileEncoding = 4; lastKnownFileType = sourcecode.c.h; path = ConverterViewController.h; sourceTree = "<group>"; };
		4CCFB5111AC0828000E00310 /* ConverterViewController.m */ = {isa = PBXFileReference; fileEncoding = 4; lastKnownFileType = sourcecode.c.objc; path = ConverterViewController.m; sourceTree = "<group>"; };
/* End PBXFileReference section */

/* Begin PBXFrameworksBuildPhase section */
		4C0AF99C1AB349B600BBB61F /* Frameworks */ = {
			isa = PBXFrameworksBuildPhase;
			buildActionMask = 2147483647;
			files = (
				4C0AF9DF1AB34A8000BBB61F /* libsqlite3.dylib in Frameworks */,
				4C0AF9DD1AB34A7600BBB61F /* libz.dylib in Frameworks */,
				4C0AF9DB1AB34A6900BBB61F /* SystemConfiguration.framework in Frameworks */,
				4C63F8B41AB3DD30006DEFFF /* Bolts.framework in Frameworks */,
				4C0AF9D91AB34A6300BBB61F /* StoreKit.framework in Frameworks */,
				4C0AF9D71AB34A5600BBB61F /* Security.framework in Frameworks */,
				4C63F8B51AB3DD30006DEFFF /* Parse.framework in Frameworks */,
				4C0AF9D51AB34A4F00BBB61F /* QuartzCore.framework in Frameworks */,
				4C0AF9D31AB34A4700BBB61F /* MobileCoreServices.framework in Frameworks */,
				4C0AF9D11AB34A4000BBB61F /* CoreLocation.framework in Frameworks */,
				4C0AF9CF1AB34A3900BBB61F /* CoreGraphics.framework in Frameworks */,
				4C0AF9CD1AB34A3300BBB61F /* CFNetwork.framework in Frameworks */,
				4C0AF9CB1AB34A2C00BBB61F /* AudioToolbox.framework in Frameworks */,
			);
			runOnlyForDeploymentPostprocessing = 0;
		};
		4C0AF9B51AB349B600BBB61F /* Frameworks */ = {
			isa = PBXFrameworksBuildPhase;
			buildActionMask = 2147483647;
			files = (
			);
			runOnlyForDeploymentPostprocessing = 0;
		};
/* End PBXFrameworksBuildPhase section */

/* Begin PBXGroup section */
		4C0AF9961AB349B600BBB61F = {
			isa = PBXGroup;
			children = (
				4C0AF9A11AB349B600BBB61F /* Converter Application */,
				4C0AF9BB1AB349B600BBB61F /* Converter ApplicationTests */,
				4C0AF9A01AB349B600BBB61F /* Products */,
			);
			sourceTree = "<group>";
		};
		4C0AF9A01AB349B600BBB61F /* Products */ = {
			isa = PBXGroup;
			children = (
				4C0AF99F1AB349B600BBB61F /* Converter Application.app */,
				4C0AF9B81AB349B600BBB61F /* Converter ApplicationTests.xctest */,
			);
			name = Products;
			sourceTree = "<group>";
		};
		4C0AF9A11AB349B600BBB61F /* Converter Application */ = {
			isa = PBXGroup;
			children = (
				4C0AF9F81AB34D6300BBB61F /* Model */,
				4C0AF9EB1AB34D3600BBB61F /* Controller */,
				4C0AF9EA1AB34D3100BBB61F /* View */,
				4C0AF9A61AB349B600BBB61F /* AppDelegate.h */,
				4C0AF9A71AB349B600BBB61F /* AppDelegate.m */,
				4C0AF9AF1AB349B600BBB61F /* Images.xcassets */,
				4C0AF9E01AB34AD000BBB61F /* Frameworks */,
				4C0AF9A21AB349B600BBB61F /* Supporting Files */,
			);
			path = "Converter Application";
			sourceTree = "<group>";
		};
		4C0AF9A21AB349B600BBB61F /* Supporting Files */ = {
			isa = PBXGroup;
			children = (
				4CC60B071AB9DE4100A5B346 /* Units.plist */,
				4C0AF9A31AB349B600BBB61F /* Info.plist */,
				4C0AF9A41AB349B600BBB61F /* main.m */,
			);
			name = "Supporting Files";
			sourceTree = "<group>";
		};
		4C0AF9BB1AB349B600BBB61F /* Converter ApplicationTests */ = {
			isa = PBXGroup;
			children = (
				4C0AF9BE1AB349B600BBB61F /* Converter_ApplicationTests.m */,
				4C0AF9BC1AB349B600BBB61F /* Supporting Files */,
			);
			path = "Converter ApplicationTests";
			sourceTree = "<group>";
		};
		4C0AF9BC1AB349B600BBB61F /* Supporting Files */ = {
			isa = PBXGroup;
			children = (
				4C0AF9BD1AB349B600BBB61F /* Info.plist */,
			);
			name = "Supporting Files";
			sourceTree = "<group>";
		};
		4C0AF9E01AB34AD000BBB61F /* Frameworks */ = {
			isa = PBXGroup;
			children = (
				4C63F8B21AB3DD30006DEFFF /* Bolts.framework */,
				4C63F8B31AB3DD30006DEFFF /* Parse.framework */,
				4C0AF9DE1AB34A8000BBB61F /* libsqlite3.dylib */,
				4C0AF9DC1AB34A7600BBB61F /* libz.dylib */,
				4C0AF9DA1AB34A6900BBB61F /* SystemConfiguration.framework */,
				4C0AF9D81AB34A6300BBB61F /* StoreKit.framework */,
				4C0AF9D61AB34A5600BBB61F /* Security.framework */,
				4C0AF9D41AB34A4F00BBB61F /* QuartzCore.framework */,
				4C0AF9D21AB34A4700BBB61F /* MobileCoreServices.framework */,
				4C0AF9D01AB34A4000BBB61F /* CoreLocation.framework */,
				4C0AF9CE1AB34A3900BBB61F /* CoreGraphics.framework */,
				4C0AF9CC1AB34A3300BBB61F /* CFNetwork.framework */,
				4C0AF9CA1AB34A2C00BBB61F /* AudioToolbox.framework */,
			);
			name = Frameworks;
			path = ..;
			sourceTree = "<group>";
		};
		4C0AF9EA1AB34D3100BBB61F /* View */ = {
			isa = PBXGroup;
			children = (
				4CC60B0F1AB9E09A00A5B346 /* CustomContentCell.h */,
				4CC60B101AB9E09A00A5B346 /* CustomContentCell.m */,
				4C0AF9AC1AB349B600BBB61F /* Main.storyboard */,
				4C0AF9B11AB349B600BBB61F /* LaunchScreen.xib */,
			);
			name = View;
			sourceTree = "<group>";
		};
		4C0AF9EB1AB34D3600BBB61F /* Controller */ = {
			isa = PBXGroup;
			children = (
				4C0AF9A91AB349B600BBB61F /* ViewController.h */,
				4C0AF9AA1AB349B600BBB61F /* ViewController.m */,
				4CC60B091AB9E01900A5B346 /* ContentViewController.h */,
				4CC60B0A1AB9E01900A5B346 /* ContentViewController.m */,
				4CCFB5101AC0828000E00310 /* ConverterViewController.h */,
				4CCFB5111AC0828000E00310 /* ConverterViewController.m */,
				4CCFB50D1AC0821000E00310 /* CalculatorContainerViewController.h */,
				4CCFB50E1AC0821000E00310 /* CalculatorContainerViewController.m */,
			);
			name = Controller;
			sourceTree = "<group>";
		};
		4C0AF9F81AB34D6300BBB61F /* Model */ = {
			isa = PBXGroup;
			children = (
				4C0AF9FA1AB34DC600BBB61F /* Store */,
				4C0AF9F91AB34D7F00BBB61F /* Data Model */,
			);
			name = Model;
			sourceTree = "<group>";
		};
		4C0AF9F91AB34D7F00BBB61F /* Data Model */ = {
			isa = PBXGroup;
			children = (
				4C0AF9EC1AB34D6100BBB61F /* ExchangeManager.h */,
				4C0AF9ED1AB34D6100BBB61F /* ExchangeManager.m */,
				4C0AF9EE1AB34D6100BBB61F /* ExchangeCategory.h */,
				4C0AF9EF1AB34D6100BBB61F /* ExchangeCategory.m */,
				4C0AF9F01AB34D6100BBB61F /* CurrencyCollection.h */,
				4C0AF9F11AB34D6100BBB61F /* CurrencyCollection.m */,
				4C0AF9F21AB34D6100BBB61F /* Item.h */,
				4C0AF9F31AB34D6100BBB61F /* Item.m */,
			);
			name = "Data Model";
			sourceTree = "<group>";
		};
		4C0AF9FA1AB34DC600BBB61F /* Store */ = {
			isa = PBXGroup;
			children = (
				4C0AF9FB1AB34DDC00BBB61F /* StoreCoordinator.h */,
				4C0AF9FC1AB34DDC00BBB61F /* StoreCoordinator.m */,
				4C0AF9FD1AB34DDC00BBB61F /* PListManager.h */,
				4C0AF9FE1AB34DDC00BBB61F /* PListManager.m */,
				4C0AFA011AB34F9200BBB61F /* ParseBackEndManager.h */,
				4C0AFA021AB34F9200BBB61F /* ParseBackEndManager.m */,
			);
			name = Store;
			sourceTree = "<group>";
		};
/* End PBXGroup section */

/* Begin PBXNativeTarget section */
		4C0AF99E1AB349B600BBB61F /* Converter Application */ = {
			isa = PBXNativeTarget;
			buildConfigurationList = 4C0AF9C21AB349B600BBB61F /* Build configuration list for PBXNativeTarget "Converter Application" */;
			buildPhases = (
				4C0AF99B1AB349B600BBB61F /* Sources */,
				4C0AF99C1AB349B600BBB61F /* Frameworks */,
				4C0AF99D1AB349B600BBB61F /* Resources */,
			);
			buildRules = (
			);
			dependencies = (
			);
			name = "Converter Application";
			productName = "Converter Application";
			productReference = 4C0AF99F1AB349B600BBB61F /* Converter Application.app */;
			productType = "com.apple.product-type.application";
		};
		4C0AF9B71AB349B600BBB61F /* Converter ApplicationTests */ = {
			isa = PBXNativeTarget;
			buildConfigurationList = 4C0AF9C51AB349B600BBB61F /* Build configuration list for PBXNativeTarget "Converter ApplicationTests" */;
			buildPhases = (
				4C0AF9B41AB349B600BBB61F /* Sources */,
				4C0AF9B51AB349B600BBB61F /* Frameworks */,
				4C0AF9B61AB349B600BBB61F /* Resources */,
			);
			buildRules = (
			);
			dependencies = (
				4C0AF9BA1AB349B600BBB61F /* PBXTargetDependency */,
			);
			name = "Converter ApplicationTests";
			productName = "Converter ApplicationTests";
			productReference = 4C0AF9B81AB349B600BBB61F /* Converter ApplicationTests.xctest */;
			productType = "com.apple.product-type.bundle.unit-test";
		};
/* End PBXNativeTarget section */

/* Begin PBXProject section */
		4C0AF9971AB349B600BBB61F /* Project object */ = {
			isa = PBXProject;
			attributes = {
				LastUpgradeCheck = 0620;
				ORGANIZATIONNAME = "Andres Ruggiero";
				TargetAttributes = {
					4C0AF99E1AB349B600BBB61F = {
						CreatedOnToolsVersion = 6.2;
						DevelopmentTeam = ET9D96Z43G;
					};
					4C0AF9B71AB349B600BBB61F = {
						CreatedOnToolsVersion = 6.2;
						TestTargetID = 4C0AF99E1AB349B600BBB61F;
					};
				};
			};
			buildConfigurationList = 4C0AF99A1AB349B600BBB61F /* Build configuration list for PBXProject "Converter Application" */;
			compatibilityVersion = "Xcode 3.2";
			developmentRegion = English;
			hasScannedForEncodings = 0;
			knownRegions = (
				en,
				Base,
			);
			mainGroup = 4C0AF9961AB349B600BBB61F;
			productRefGroup = 4C0AF9A01AB349B600BBB61F /* Products */;
			projectDirPath = "";
			projectRoot = "";
			targets = (
				4C0AF99E1AB349B600BBB61F /* Converter Application */,
				4C0AF9B71AB349B600BBB61F /* Converter ApplicationTests */,
			);
		};
/* End PBXProject section */

/* Begin PBXResourcesBuildPhase section */
		4C0AF99D1AB349B600BBB61F /* Resources */ = {
			isa = PBXResourcesBuildPhase;
			buildActionMask = 2147483647;
			files = (
				4CC60B081AB9DE4100A5B346 /* Units.plist in Resources */,
				4C0AF9AE1AB349B600BBB61F /* Main.storyboard in Resources */,
				4C0AF9B31AB349B600BBB61F /* LaunchScreen.xib in Resources */,
				4C0AF9B01AB349B600BBB61F /* Images.xcassets in Resources */,
			);
			runOnlyForDeploymentPostprocessing = 0;
		};
		4C0AF9B61AB349B600BBB61F /* Resources */ = {
			isa = PBXResourcesBuildPhase;
			buildActionMask = 2147483647;
			files = (
			);
			runOnlyForDeploymentPostprocessing = 0;
		};
/* End PBXResourcesBuildPhase section */

/* Begin PBXSourcesBuildPhase section */
		4C0AF99B1AB349B600BBB61F /* Sources */ = {
			isa = PBXSourcesBuildPhase;
			buildActionMask = 2147483647;
			files = (
				4C0AF9F61AB34D6100BBB61F /* CurrencyCollection.m in Sources */,
				4CC60B0B1AB9E01900A5B346 /* ContentViewController.m in Sources */,
				4C0AF9F51AB34D6100BBB61F /* ExchangeCategory.m in Sources */,
				4C0AF9AB1AB349B600BBB61F /* ViewController.m in Sources */,
				4CC60B111AB9E09A00A5B346 /* CustomContentCell.m in Sources */,
				4C0AF9A81AB349B600BBB61F /* AppDelegate.m in Sources */,
				4CCFB5121AC0828000E00310 /* ConverterViewController.m in Sources */,
				4C0AF9F41AB34D6100BBB61F /* ExchangeManager.m in Sources */,
				4C0AF9F71AB34D6100BBB61F /* Item.m in Sources */,
				4CCFB50F1AC0821000E00310 /* CalculatorContainerViewController.m in Sources */,
				4C0AFA031AB34F9200BBB61F /* ParseBackEndManager.m in Sources */,
				4C0AF9FF1AB34DDC00BBB61F /* StoreCoordinator.m in Sources */,
				4C0AF9A51AB349B600BBB61F /* main.m in Sources */,
				4C0AFA001AB34DDC00BBB61F /* PListManager.m in Sources */,
			);
			runOnlyForDeploymentPostprocessing = 0;
		};
		4C0AF9B41AB349B600BBB61F /* Sources */ = {
			isa = PBXSourcesBuildPhase;
			buildActionMask = 2147483647;
			files = (
				4C0AF9BF1AB349B600BBB61F /* Converter_ApplicationTests.m in Sources */,
			);
			runOnlyForDeploymentPostprocessing = 0;
		};
/* End PBXSourcesBuildPhase section */

/* Begin PBXTargetDependency section */
		4C0AF9BA1AB349B600BBB61F /* PBXTargetDependency */ = {
			isa = PBXTargetDependency;
			target = 4C0AF99E1AB349B600BBB61F /* Converter Application */;
			targetProxy = 4C0AF9B91AB349B600BBB61F /* PBXContainerItemProxy */;
		};
/* End PBXTargetDependency section */

/* Begin PBXVariantGroup section */
		4C0AF9AC1AB349B600BBB61F /* Main.storyboard */ = {
			isa = PBXVariantGroup;
			children = (
				4C0AF9AD1AB349B600BBB61F /* Base */,
			);
			name = Main.storyboard;
			sourceTree = "<group>";
		};
		4C0AF9B11AB349B600BBB61F /* LaunchScreen.xib */ = {
			isa = PBXVariantGroup;
			children = (
				4C0AF9B21AB349B600BBB61F /* Base */,
			);
			name = LaunchScreen.xib;
			sourceTree = "<group>";
		};
/* End PBXVariantGroup section */

/* Begin XCBuildConfiguration section */
		4C0AF9C01AB349B600BBB61F /* Debug */ = {
			isa = XCBuildConfiguration;
			buildSettings = {
				ALWAYS_SEARCH_USER_PATHS = NO;
				CLANG_CXX_LANGUAGE_STANDARD = "gnu++0x";
				CLANG_CXX_LIBRARY = "libc++";
				CLANG_ENABLE_MODULES = YES;
				CLANG_ENABLE_OBJC_ARC = YES;
				CLANG_WARN_BOOL_CONVERSION = YES;
				CLANG_WARN_CONSTANT_CONVERSION = YES;
				CLANG_WARN_DIRECT_OBJC_ISA_USAGE = YES_ERROR;
				CLANG_WARN_EMPTY_BODY = YES;
				CLANG_WARN_ENUM_CONVERSION = YES;
				CLANG_WARN_INT_CONVERSION = YES;
				CLANG_WARN_OBJC_ROOT_CLASS = YES_ERROR;
				CLANG_WARN_UNREACHABLE_CODE = YES;
				CLANG_WARN__DUPLICATE_METHOD_MATCH = YES;
				CODE_SIGN_IDENTITY = "iPhone Developer";
				"CODE_SIGN_IDENTITY[sdk=iphoneos*]" = "iPhone Developer";
				COPY_PHASE_STRIP = NO;
				ENABLE_STRICT_OBJC_MSGSEND = YES;
				GCC_C_LANGUAGE_STANDARD = gnu99;
				GCC_DYNAMIC_NO_PIC = NO;
				GCC_OPTIMIZATION_LEVEL = 0;
				GCC_PREPROCESSOR_DEFINITIONS = (
					"DEBUG=1",
					"$(inherited)",
				);
				GCC_SYMBOLS_PRIVATE_EXTERN = NO;
				GCC_WARN_64_TO_32_BIT_CONVERSION = YES;
				GCC_WARN_ABOUT_RETURN_TYPE = YES_ERROR;
				GCC_WARN_UNDECLARED_SELECTOR = YES;
				GCC_WARN_UNINITIALIZED_AUTOS = YES_AGGRESSIVE;
				GCC_WARN_UNUSED_FUNCTION = YES;
				GCC_WARN_UNUSED_VARIABLE = YES;
				IPHONEOS_DEPLOYMENT_TARGET = 8.2;
				MTL_ENABLE_DEBUG_INFO = YES;
				ONLY_ACTIVE_ARCH = YES;
				SDKROOT = iphoneos;
			};
			name = Debug;
		};
		4C0AF9C11AB349B600BBB61F /* Release */ = {
			isa = XCBuildConfiguration;
			buildSettings = {
				ALWAYS_SEARCH_USER_PATHS = NO;
				CLANG_CXX_LANGUAGE_STANDARD = "gnu++0x";
				CLANG_CXX_LIBRARY = "libc++";
				CLANG_ENABLE_MODULES = YES;
				CLANG_ENABLE_OBJC_ARC = YES;
				CLANG_WARN_BOOL_CONVERSION = YES;
				CLANG_WARN_CONSTANT_CONVERSION = YES;
				CLANG_WARN_DIRECT_OBJC_ISA_USAGE = YES_ERROR;
				CLANG_WARN_EMPTY_BODY = YES;
				CLANG_WARN_ENUM_CONVERSION = YES;
				CLANG_WARN_INT_CONVERSION = YES;
				CLANG_WARN_OBJC_ROOT_CLASS = YES_ERROR;
				CLANG_WARN_UNREACHABLE_CODE = YES;
				CLANG_WARN__DUPLICATE_METHOD_MATCH = YES;
				CODE_SIGN_IDENTITY = "iPhone Developer";
				"CODE_SIGN_IDENTITY[sdk=iphoneos*]" = "iPhone Developer";
				COPY_PHASE_STRIP = NO;
				ENABLE_NS_ASSERTIONS = NO;
				ENABLE_STRICT_OBJC_MSGSEND = YES;
				GCC_C_LANGUAGE_STANDARD = gnu99;
				GCC_WARN_64_TO_32_BIT_CONVERSION = YES;
				GCC_WARN_ABOUT_RETURN_TYPE = YES_ERROR;
				GCC_WARN_UNDECLARED_SELECTOR = YES;
				GCC_WARN_UNINITIALIZED_AUTOS = YES_AGGRESSIVE;
				GCC_WARN_UNUSED_FUNCTION = YES;
				GCC_WARN_UNUSED_VARIABLE = YES;
				IPHONEOS_DEPLOYMENT_TARGET = 8.2;
				MTL_ENABLE_DEBUG_INFO = NO;
				SDKROOT = iphoneos;
				VALIDATE_PRODUCT = YES;
			};
			name = Release;
		};
		4C0AF9C31AB349B600BBB61F /* Debug */ = {
			isa = XCBuildConfiguration;
			buildSettings = {
				ASSETCATALOG_COMPILER_APPICON_NAME = AppIcon;
				CODE_SIGN_IDENTITY = "iPhone Developer";
				"CODE_SIGN_IDENTITY[sdk=iphoneos*]" = "iPhone Developer";
				FRAMEWORK_SEARCH_PATHS = (
					"$(inherited)",
					"$(PROJECT_DIR)/Converter",
					Application,
					"$(PROJECT_DIR)",
				);
				INFOPLIST_FILE = "Converter Application/Info.plist";
				IPHONEOS_DEPLOYMENT_TARGET = 8.1;
				LD_RUNPATH_SEARCH_PATHS = "$(inherited) @executable_path/Frameworks";
				PRODUCT_NAME = "$(TARGET_NAME)";
				PROVISIONING_PROFILE = "";
			};
			name = Debug;
		};
		4C0AF9C41AB349B600BBB61F /* Release */ = {
			isa = XCBuildConfiguration;
			buildSettings = {
				ASSETCATALOG_COMPILER_APPICON_NAME = AppIcon;
				CODE_SIGN_IDENTITY = "iPhone Developer";
				"CODE_SIGN_IDENTITY[sdk=iphoneos*]" = "iPhone Developer";
				FRAMEWORK_SEARCH_PATHS = (
					"$(inherited)",
					"$(PROJECT_DIR)/Converter",
					Application,
					"$(PROJECT_DIR)",
				);
				INFOPLIST_FILE = "Converter Application/Info.plist";
				IPHONEOS_DEPLOYMENT_TARGET = 8.1;
				LD_RUNPATH_SEARCH_PATHS = "$(inherited) @executable_path/Frameworks";
				PRODUCT_NAME = "$(TARGET_NAME)";
				PROVISIONING_PROFILE = "";
			};
			name = Release;
		};
		4C0AF9C61AB349B600BBB61F /* Debug */ = {
			isa = XCBuildConfiguration;
			buildSettings = {
				BUNDLE_LOADER = "$(TEST_HOST)";
				FRAMEWORK_SEARCH_PATHS = (
					"$(SDKROOT)/Developer/Library/Frameworks",
					"$(inherited)",
				);
				GCC_PREPROCESSOR_DEFINITIONS = (
					"DEBUG=1",
					"$(inherited)",
				);
				INFOPLIST_FILE = "Converter ApplicationTests/Info.plist";
				LD_RUNPATH_SEARCH_PATHS = "$(inherited) @executable_path/Frameworks @loader_path/Frameworks";
				PRODUCT_NAME = "$(TARGET_NAME)";
				TEST_HOST = "$(BUILT_PRODUCTS_DIR)/Converter Application.app/Converter Application";
			};
			name = Debug;
		};
		4C0AF9C71AB349B600BBB61F /* Release */ = {
			isa = XCBuildConfiguration;
			buildSettings = {
				BUNDLE_LOADER = "$(TEST_HOST)";
				FRAMEWORK_SEARCH_PATHS = (
					"$(SDKROOT)/Developer/Library/Frameworks",
					"$(inherited)",
				);
				INFOPLIST_FILE = "Converter ApplicationTests/Info.plist";
				LD_RUNPATH_SEARCH_PATHS = "$(inherited) @executable_path/Frameworks @loader_path/Frameworks";
				PRODUCT_NAME = "$(TARGET_NAME)";
				TEST_HOST = "$(BUILT_PRODUCTS_DIR)/Converter Application.app/Converter Application";
			};
			name = Release;
		};
/* End XCBuildConfiguration section */

/* Begin XCConfigurationList section */
		4C0AF99A1AB349B600BBB61F /* Build configuration list for PBXProject "Converter Application" */ = {
			isa = XCConfigurationList;
			buildConfigurations = (
				4C0AF9C01AB349B600BBB61F /* Debug */,
				4C0AF9C11AB349B600BBB61F /* Release */,
			);
			defaultConfigurationIsVisible = 0;
			defaultConfigurationName = Release;
		};
		4C0AF9C21AB349B600BBB61F /* Build configuration list for PBXNativeTarget "Converter Application" */ = {
			isa = XCConfigurationList;
			buildConfigurations = (
				4C0AF9C31AB349B600BBB61F /* Debug */,
				4C0AF9C41AB349B600BBB61F /* Release */,
			);
			defaultConfigurationIsVisible = 0;
			defaultConfigurationName = Release;
		};
		4C0AF9C51AB349B600BBB61F /* Build configuration list for PBXNativeTarget "Converter ApplicationTests" */ = {
			isa = XCConfigurationList;
			buildConfigurations = (
				4C0AF9C61AB349B600BBB61F /* Debug */,
				4C0AF9C71AB349B600BBB61F /* Release */,
			);
			defaultConfigurationIsVisible = 0;
			defaultConfigurationName = Release;
		};
/* End XCConfigurationList section */
	};
	rootObject = 4C0AF9971AB349B600BBB61F /* Project object */;
}
